
Microsoft Visual Studio Solution File, Format Version 12.00
# Visual Studio 15
VisualStudioVersion = 15.0.27130.2027
MinimumVisualStudioVersion = 10.0.40219.1
Project("{FAE04EC0-301F-11D3-BF4B-00C04F79EFBC}") = "AngularWorkshop", "AngularWorkshop\AngularWorkshop.csproj", "{38255989-83BF-404D-BE68-EF89C884901E}"
EndProject
Project("{FAE04EC0-301F-11D3-BF4B-00C04F79EFBC}") = "Data", "Data\Data.csproj", "{6F087930-5184-4010-A561-075EA289DCA1}"
EndProject
Project("{FAE04EC0-301F-11D3-BF4B-00C04F79EFBC}") = "Data.Migration", "Migration\Data.Migration.csproj", "{B169DC12-7305-4087-9193-D4BA36D462AB}"
EndProject
Project("{FAE04EC0-301F-11D3-BF4B-00C04F79EFBC}") = "Model", "Model\Model.csproj", "{085F2427-B021-4C97-922B-EA2589AA957A}"
EndProject
Global
	GlobalSection(SolutionConfigurationPlatforms) = preSolution
		Debug|Any CPU = Debug|Any CPU
		Release|Any CPU = Release|Any CPU
	EndGlobalSection
	GlobalSection(ProjectConfigurationPlatforms) = postSolution
		{38255989-83BF-404D-BE68-EF89C884901E}.Debug|Any CPU.ActiveCfg = Debug|Any CPU
		{38255989-83BF-404D-BE68-EF89C884901E}.Debug|Any CPU.Build.0 = Debug|Any CPU
		{38255989-83BF-404D-BE68-EF89C884901E}.Release|Any CPU.ActiveCfg = Release|Any CPU
		{38255989-83BF-404D-BE68-EF89C884901E}.Release|Any CPU.Build.0 = Release|Any CPU
		{6F087930-5184-4010-A561-075EA289DCA1}.Debug|Any CPU.ActiveCfg = Debug|Any CPU
		{6F087930-5184-4010-A561-075EA289DCA1}.Debug|Any CPU.Build.0 = Debug|Any CPU
		{6F087930-5184-4010-A561-075EA289DCA1}.Release|Any CPU.ActiveCfg = Release|Any CPU
		{6F087930-5184-4010-A561-075EA289DCA1}.Release|Any CPU.Build.0 = Release|Any CPU
		{B169DC12-7305-4087-9193-D4BA36D462AB}.Debug|Any CPU.ActiveCfg = Debug|Any CPU
		{B169DC12-7305-4087-9193-D4BA36D462AB}.Debug|Any CPU.Build.0 = Debug|Any CPU
		{B169DC12-7305-4087-9193-D4BA36D462AB}.Release|Any CPU.ActiveCfg = Release|Any CPU
		{B169DC12-7305-4087-9193-D4BA36D462AB}.Release|Any CPU.Build.0 = Release|Any CPU
		{085F2427-B021-4C97-922B-EA2589AA957A}.Debug|Any CPU.ActiveCfg = Debug|Any CPU
		{085F2427-B021-4C97-922B-EA2589AA957A}.Debug|Any CPU.Build.0 = Debug|Any CPU
		{085F2427-B021-4C97-922B-EA2589AA957A}.Release|Any CPU.ActiveCfg = Release|Any CPU
		{085F2427-B021-4C97-922B-EA2589AA957A}.Release|Any CPU.Build.0 = Release|Any CPU
	EndGlobalSection
	GlobalSection(SolutionProperties) = preSolution
		HideSolutionNode = FALSE
	EndGlobalSection
	GlobalSection(ExtensibilityGlobals) = postSolution
		SolutionGuid = {37B01596-23AE-4937-8573-6A825AA6C00F}
	EndGlobalSection
EndGlobal
